// !$*UTF8*$!
{
	archiveVersion = 1;
	classes = {
	};
	objectVersion = 51;
	objects = {

/* Begin PBXBuildFile section */
		126237028BECCD0B252D187F /* Pods_HealthHelperTests.framework in Frameworks */ = {isa = PBXBuildFile; fileRef = 5214698713E43AC6A69292C9 /* Pods_HealthHelperTests.framework */; };
		499F864764F28DD807151F99 /* Pods_HealthHelper.framework in Frameworks */ = {isa = PBXBuildFile; fileRef = D8388C4D926E441E3913E61E /* Pods_HealthHelper.framework */; };
		8E3535F9A9E0E72943C87CB5 /* Pods_HealthHelper_HealthHelperUITests.framework in Frameworks */ = {isa = PBXBuildFile; fileRef = CC2943CDD4E2E2565CC732D3 /* Pods_HealthHelper_HealthHelperUITests.framework */; };
		D9198445269CAF19009ADD0D /* AppDelegate.m in Sources */ = {isa = PBXBuildFile; fileRef = D9198444269CAF19009ADD0D /* AppDelegate.m */; };
		D9198448269CAF19009ADD0D /* SceneDelegate.m in Sources */ = {isa = PBXBuildFile; fileRef = D9198447269CAF19009ADD0D /* SceneDelegate.m */; };
		D919844E269CAF19009ADD0D /* Main.storyboard in Resources */ = {isa = PBXBuildFile; fileRef = D919844C269CAF19009ADD0D /* Main.storyboard */; };
		D9198450269CAF1A009ADD0D /* Assets.xcassets in Resources */ = {isa = PBXBuildFile; fileRef = D919844F269CAF1A009ADD0D /* Assets.xcassets */; };
		D9198453269CAF1A009ADD0D /* LaunchScreen.storyboard in Resources */ = {isa = PBXBuildFile; fileRef = D9198451269CAF1A009ADD0D /* LaunchScreen.storyboard */; };
		D9198456269CAF1A009ADD0D /* main.m in Sources */ = {isa = PBXBuildFile; fileRef = D9198455269CAF1A009ADD0D /* main.m */; };
		D9198460269CAF1A009ADD0D /* HealthHelperTests.m in Sources */ = {isa = PBXBuildFile; fileRef = D919845F269CAF1A009ADD0D /* HealthHelperTests.m */; };
		D919846B269CAF1A009ADD0D /* HealthHelperUITests.m in Sources */ = {isa = PBXBuildFile; fileRef = D919846A269CAF1A009ADD0D /* HealthHelperUITests.m */; };
		D970C4DD269CB235003DA544 /* User.m in Sources */ = {isa = PBXBuildFile; fileRef = D970C4DC269CB235003DA544 /* User.m */; };
		D970C4E1269CB2AD003DA544 /* LoginViewController.m in Sources */ = {isa = PBXBuildFile; fileRef = D970C4E0269CB2AD003DA544 /* LoginViewController.m */; };
		D970C4E4269CD93B003DA544 /* SignUpViewController.m in Sources */ = {isa = PBXBuildFile; fileRef = D970C4E3269CD93B003DA544 /* SignUpViewController.m */; };
		D970C4E7269CDC62003DA544 /* OpportunitiesViewController.m in Sources */ = {isa = PBXBuildFile; fileRef = D970C4E6269CDC62003DA544 /* OpportunitiesViewController.m */; };
		D970C4EA269CDD3A003DA544 /* ProfileViewController.m in Sources */ = {isa = PBXBuildFile; fileRef = D970C4E9269CDD3A003DA544 /* ProfileViewController.m */; };
		D970C4ED269CE26A003DA544 /* OpportunityCell.m in Sources */ = {isa = PBXBuildFile; fileRef = D970C4EC269CE26A003DA544 /* OpportunityCell.m */; };
		D970C4F0269CE8F7003DA544 /* PastOpportunityCell.m in Sources */ = {isa = PBXBuildFile; fileRef = D970C4EF269CE8F7003DA544 /* PastOpportunityCell.m */; };
		D970C4F3269CEBC1003DA544 /* DetailsViewController.m in Sources */ = {isa = PBXBuildFile; fileRef = D970C4F2269CEBC1003DA544 /* DetailsViewController.m */; };
		D970C4F6269CF8A4003DA544 /* SettingsViewController.m in Sources */ = {isa = PBXBuildFile; fileRef = D970C4F5269CF8A4003DA544 /* SettingsViewController.m */; };
		D970C4F8269CFD51003DA544 /* Keys.plist in Resources */ = {isa = PBXBuildFile; fileRef = D970C4F7269CFD51003DA544 /* Keys.plist */; };
		D970C53B269E597B003DA544 /* CoreLocation.framework in Frameworks */ = {isa = PBXBuildFile; fileRef = D970C53A269E597B003DA544 /* CoreLocation.framework */; };
		D970C540269F4760003DA544 /* loading_square.gif in Resources */ = {isa = PBXBuildFile; fileRef = D970C53F269F4760003DA544 /* loading_square.gif */; };
		D970C543269F86F7003DA544 /* OrganizationInfoViewController.m in Sources */ = {isa = PBXBuildFile; fileRef = D970C542269F86F7003DA544 /* OrganizationInfoViewController.m */; };
		D970C546269F8FD6003DA544 /* ComposeViewController.m in Sources */ = {isa = PBXBuildFile; fileRef = D970C545269F8FD6003DA544 /* ComposeViewController.m */; };
		D970C548269FA9C2003DA544 /* Organization.m in Sources */ = {isa = PBXBuildFile; fileRef = D970C547269FA9C2003DA544 /* Organization.m */; };
		D970C54B269FAB1F003DA544 /* Opportunity.m in Sources */ = {isa = PBXBuildFile; fileRef = D970C54A269FAB1F003DA544 /* Opportunity.m */; };
		D970C54E269FAC88003DA544 /* Review.m in Sources */ = {isa = PBXBuildFile; fileRef = D970C54D269FAC88003DA544 /* Review.m */; };
		D9B1F8B526A8765E00CADBDA /* QueryConstants.m in Sources */ = {isa = PBXBuildFile; fileRef = D9B1F8B426A8765E00CADBDA /* QueryConstants.m */; };
		D9B1F8B826A8859C00CADBDA /* FilterConstants.m in Sources */ = {isa = PBXBuildFile; fileRef = D9B1F8B726A8859C00CADBDA /* FilterConstants.m */; };
		D9B1F8BB26A8B8E700CADBDA /* FilterSettingsViewController.m in Sources */ = {isa = PBXBuildFile; fileRef = D9B1F8BA26A8B8E700CADBDA /* FilterSettingsViewController.m */; };
		D9B1F8BE26AB775B00CADBDA /* ProfilePictureViewController.m in Sources */ = {isa = PBXBuildFile; fileRef = D9B1F8BD26AB775B00CADBDA /* ProfilePictureViewController.m */; };
		D9B1F8C726AF531E00CADBDA /* GMYConfettiView.m in Sources */ = {isa = PBXBuildFile; fileRef = D9B1F8C626AF531E00CADBDA /* GMYConfettiView.m */; };
		D9B1F8C926AF59C200CADBDA /* Resources.bundle in Resources */ = {isa = PBXBuildFile; fileRef = D9B1F8C826AF59C200CADBDA /* Resources.bundle */; };
		D9ED852C26A1F68B00011F02 /* ReviewCell.m in Sources */ = {isa = PBXBuildFile; fileRef = D9ED852B26A1F68B00011F02 /* ReviewCell.m */; };
/* End PBXBuildFile section */

/* Begin PBXContainerItemProxy section */
		D919845C269CAF1A009ADD0D /* PBXContainerItemProxy */ = {
			isa = PBXContainerItemProxy;
			containerPortal = D9198438269CAF19009ADD0D /* Project object */;
			proxyType = 1;
			remoteGlobalIDString = D919843F269CAF19009ADD0D;
			remoteInfo = HealthHelper;
		};
		D9198467269CAF1A009ADD0D /* PBXContainerItemProxy */ = {
			isa = PBXContainerItemProxy;
			containerPortal = D9198438269CAF19009ADD0D /* Project object */;
			proxyType = 1;
			remoteGlobalIDString = D919843F269CAF19009ADD0D;
			remoteInfo = HealthHelper;
		};
/* End PBXContainerItemProxy section */

/* Begin PBXFileReference section */
		0EF6448BD361405906DF3266 /* Pods-HealthHelper-HealthHelperUITests.debug.xcconfig */ = {isa = PBXFileReference; includeInIndex = 1; lastKnownFileType = text.xcconfig; name = "Pods-HealthHelper-HealthHelperUITests.debug.xcconfig"; path = "Target Support Files/Pods-HealthHelper-HealthHelperUITests/Pods-HealthHelper-HealthHelperUITests.debug.xcconfig"; sourceTree = "<group>"; };
		0FB0EC0D1A6697B066AAECAF /* Pods-HealthHelper-HealthHelperUITests.release.xcconfig */ = {isa = PBXFileReference; includeInIndex = 1; lastKnownFileType = text.xcconfig; name = "Pods-HealthHelper-HealthHelperUITests.release.xcconfig"; path = "Target Support Files/Pods-HealthHelper-HealthHelperUITests/Pods-HealthHelper-HealthHelperUITests.release.xcconfig"; sourceTree = "<group>"; };
		2ECB2F064E2FE39283750C71 /* Pods-HealthHelper.release.xcconfig */ = {isa = PBXFileReference; includeInIndex = 1; lastKnownFileType = text.xcconfig; name = "Pods-HealthHelper.release.xcconfig"; path = "Target Support Files/Pods-HealthHelper/Pods-HealthHelper.release.xcconfig"; sourceTree = "<group>"; };
		4510B623D4B42E215B05DCDC /* Pods-HealthHelperTests.debug.xcconfig */ = {isa = PBXFileReference; includeInIndex = 1; lastKnownFileType = text.xcconfig; name = "Pods-HealthHelperTests.debug.xcconfig"; path = "Target Support Files/Pods-HealthHelperTests/Pods-HealthHelperTests.debug.xcconfig"; sourceTree = "<group>"; };
		5214698713E43AC6A69292C9 /* Pods_HealthHelperTests.framework */ = {isa = PBXFileReference; explicitFileType = wrapper.framework; includeInIndex = 0; path = Pods_HealthHelperTests.framework; sourceTree = BUILT_PRODUCTS_DIR; };
		C6D0C49354B4AA0BC84C56B7 /* Pods-HealthHelper.debug.xcconfig */ = {isa = PBXFileReference; includeInIndex = 1; lastKnownFileType = text.xcconfig; name = "Pods-HealthHelper.debug.xcconfig"; path = "Target Support Files/Pods-HealthHelper/Pods-HealthHelper.debug.xcconfig"; sourceTree = "<group>"; };
		CC2943CDD4E2E2565CC732D3 /* Pods_HealthHelper_HealthHelperUITests.framework */ = {isa = PBXFileReference; explicitFileType = wrapper.framework; includeInIndex = 0; path = Pods_HealthHelper_HealthHelperUITests.framework; sourceTree = BUILT_PRODUCTS_DIR; };
		D8388C4D926E441E3913E61E /* Pods_HealthHelper.framework */ = {isa = PBXFileReference; explicitFileType = wrapper.framework; includeInIndex = 0; path = Pods_HealthHelper.framework; sourceTree = BUILT_PRODUCTS_DIR; };
		D9198440269CAF19009ADD0D /* HealthHelper.app */ = {isa = PBXFileReference; explicitFileType = wrapper.application; includeInIndex = 0; path = HealthHelper.app; sourceTree = BUILT_PRODUCTS_DIR; };
		D9198443269CAF19009ADD0D /* AppDelegate.h */ = {isa = PBXFileReference; lastKnownFileType = sourcecode.c.h; path = AppDelegate.h; sourceTree = "<group>"; };
		D9198444269CAF19009ADD0D /* AppDelegate.m */ = {isa = PBXFileReference; lastKnownFileType = sourcecode.c.objc; path = AppDelegate.m; sourceTree = "<group>"; };
		D9198446269CAF19009ADD0D /* SceneDelegate.h */ = {isa = PBXFileReference; lastKnownFileType = sourcecode.c.h; path = SceneDelegate.h; sourceTree = "<group>"; };
		D9198447269CAF19009ADD0D /* SceneDelegate.m */ = {isa = PBXFileReference; lastKnownFileType = sourcecode.c.objc; path = SceneDelegate.m; sourceTree = "<group>"; };
		D919844D269CAF19009ADD0D /* Base */ = {isa = PBXFileReference; lastKnownFileType = file.storyboard; name = Base; path = Base.lproj/Main.storyboard; sourceTree = "<group>"; };
		D919844F269CAF1A009ADD0D /* Assets.xcassets */ = {isa = PBXFileReference; lastKnownFileType = folder.assetcatalog; path = Assets.xcassets; sourceTree = "<group>"; };
		D9198452269CAF1A009ADD0D /* Base */ = {isa = PBXFileReference; lastKnownFileType = file.storyboard; name = Base; path = Base.lproj/LaunchScreen.storyboard; sourceTree = "<group>"; };
		D9198454269CAF1A009ADD0D /* Info.plist */ = {isa = PBXFileReference; lastKnownFileType = text.plist.xml; path = Info.plist; sourceTree = "<group>"; };
		D9198455269CAF1A009ADD0D /* main.m */ = {isa = PBXFileReference; lastKnownFileType = sourcecode.c.objc; path = main.m; sourceTree = "<group>"; };
		D919845B269CAF1A009ADD0D /* HealthHelperTests.xctest */ = {isa = PBXFileReference; explicitFileType = wrapper.cfbundle; includeInIndex = 0; path = HealthHelperTests.xctest; sourceTree = BUILT_PRODUCTS_DIR; };
		D919845F269CAF1A009ADD0D /* HealthHelperTests.m */ = {isa = PBXFileReference; lastKnownFileType = sourcecode.c.objc; path = HealthHelperTests.m; sourceTree = "<group>"; };
		D9198461269CAF1A009ADD0D /* Info.plist */ = {isa = PBXFileReference; lastKnownFileType = text.plist.xml; path = Info.plist; sourceTree = "<group>"; };
		D9198466269CAF1A009ADD0D /* HealthHelperUITests.xctest */ = {isa = PBXFileReference; explicitFileType = wrapper.cfbundle; includeInIndex = 0; path = HealthHelperUITests.xctest; sourceTree = BUILT_PRODUCTS_DIR; };
		D919846A269CAF1A009ADD0D /* HealthHelperUITests.m */ = {isa = PBXFileReference; lastKnownFileType = sourcecode.c.objc; path = HealthHelperUITests.m; sourceTree = "<group>"; };
		D919846C269CAF1A009ADD0D /* Info.plist */ = {isa = PBXFileReference; lastKnownFileType = text.plist.xml; path = Info.plist; sourceTree = "<group>"; };
		D970C4DC269CB235003DA544 /* User.m */ = {isa = PBXFileReference; lastKnownFileType = sourcecode.c.objc; path = User.m; sourceTree = "<group>"; };
		D970C4DE269CB23F003DA544 /* User.h */ = {isa = PBXFileReference; lastKnownFileType = sourcecode.c.h; path = User.h; sourceTree = "<group>"; };
		D970C4DF269CB2AD003DA544 /* LoginViewController.h */ = {isa = PBXFileReference; lastKnownFileType = sourcecode.c.h; path = LoginViewController.h; sourceTree = "<group>"; };
		D970C4E0269CB2AD003DA544 /* LoginViewController.m */ = {isa = PBXFileReference; lastKnownFileType = sourcecode.c.objc; path = LoginViewController.m; sourceTree = "<group>"; };
		D970C4E2269CD93B003DA544 /* SignUpViewController.h */ = {isa = PBXFileReference; lastKnownFileType = sourcecode.c.h; name = SignUpViewController.h; path = "HealthHelper/View Controllers/SignUpViewController.h"; sourceTree = SOURCE_ROOT; };
		D970C4E3269CD93B003DA544 /* SignUpViewController.m */ = {isa = PBXFileReference; lastKnownFileType = sourcecode.c.objc; name = SignUpViewController.m; path = "HealthHelper/View Controllers/SignUpViewController.m"; sourceTree = SOURCE_ROOT; };
		D970C4E5269CDC62003DA544 /* OpportunitiesViewController.h */ = {isa = PBXFileReference; lastKnownFileType = sourcecode.c.h; name = OpportunitiesViewController.h; path = "HealthHelper/View Controllers/OpportunitiesViewController.h"; sourceTree = SOURCE_ROOT; };
		D970C4E6269CDC62003DA544 /* OpportunitiesViewController.m */ = {isa = PBXFileReference; lastKnownFileType = sourcecode.c.objc; name = OpportunitiesViewController.m; path = "HealthHelper/View Controllers/OpportunitiesViewController.m"; sourceTree = SOURCE_ROOT; };
		D970C4E8269CDD3A003DA544 /* ProfileViewController.h */ = {isa = PBXFileReference; lastKnownFileType = sourcecode.c.h; name = ProfileViewController.h; path = "HealthHelper/View Controllers/ProfileViewController.h"; sourceTree = SOURCE_ROOT; };
		D970C4E9269CDD3A003DA544 /* ProfileViewController.m */ = {isa = PBXFileReference; lastKnownFileType = sourcecode.c.objc; name = ProfileViewController.m; path = "HealthHelper/View Controllers/ProfileViewController.m"; sourceTree = SOURCE_ROOT; };
		D970C4EB269CE26A003DA544 /* OpportunityCell.h */ = {isa = PBXFileReference; lastKnownFileType = sourcecode.c.h; name = OpportunityCell.h; path = HealthHelper/Views/OpportunityCell.h; sourceTree = SOURCE_ROOT; };
		D970C4EC269CE26A003DA544 /* OpportunityCell.m */ = {isa = PBXFileReference; lastKnownFileType = sourcecode.c.objc; name = OpportunityCell.m; path = HealthHelper/Views/OpportunityCell.m; sourceTree = SOURCE_ROOT; };
		D970C4EE269CE8F7003DA544 /* PastOpportunityCell.h */ = {isa = PBXFileReference; lastKnownFileType = sourcecode.c.h; name = PastOpportunityCell.h; path = HealthHelper/Views/PastOpportunityCell.h; sourceTree = SOURCE_ROOT; };
		D970C4EF269CE8F7003DA544 /* PastOpportunityCell.m */ = {isa = PBXFileReference; lastKnownFileType = sourcecode.c.objc; name = PastOpportunityCell.m; path = HealthHelper/Views/PastOpportunityCell.m; sourceTree = SOURCE_ROOT; };
		D970C4F1269CEBC1003DA544 /* DetailsViewController.h */ = {isa = PBXFileReference; lastKnownFileType = sourcecode.c.h; name = DetailsViewController.h; path = "HealthHelper/View Controllers/DetailsViewController.h"; sourceTree = SOURCE_ROOT; };
		D970C4F2269CEBC1003DA544 /* DetailsViewController.m */ = {isa = PBXFileReference; lastKnownFileType = sourcecode.c.objc; name = DetailsViewController.m; path = "HealthHelper/View Controllers/DetailsViewController.m"; sourceTree = SOURCE_ROOT; };
		D970C4F4269CF8A4003DA544 /* SettingsViewController.h */ = {isa = PBXFileReference; lastKnownFileType = sourcecode.c.h; name = SettingsViewController.h; path = "HealthHelper/View Controllers/SettingsViewController.h"; sourceTree = SOURCE_ROOT; };
		D970C4F5269CF8A4003DA544 /* SettingsViewController.m */ = {isa = PBXFileReference; lastKnownFileType = sourcecode.c.objc; name = SettingsViewController.m; path = "HealthHelper/View Controllers/SettingsViewController.m"; sourceTree = SOURCE_ROOT; };
		D970C4F7269CFD51003DA544 /* Keys.plist */ = {isa = PBXFileReference; lastKnownFileType = text.plist.xml; path = Keys.plist; sourceTree = "<group>"; };
		D970C53A269E597B003DA544 /* CoreLocation.framework */ = {isa = PBXFileReference; lastKnownFileType = wrapper.framework; name = CoreLocation.framework; path = System/Library/Frameworks/CoreLocation.framework; sourceTree = SDKROOT; };
		D970C53F269F4760003DA544 /* loading_square.gif */ = {isa = PBXFileReference; lastKnownFileType = image.gif; name = loading_square.gif; path = ../../../../../Downloads/loading_square.gif; sourceTree = "<group>"; };
		D970C541269F86F7003DA544 /* OrganizationInfoViewController.h */ = {isa = PBXFileReference; lastKnownFileType = sourcecode.c.h; path = OrganizationInfoViewController.h; sourceTree = SOURCE_ROOT; };
		D970C542269F86F7003DA544 /* OrganizationInfoViewController.m */ = {isa = PBXFileReference; lastKnownFileType = sourcecode.c.objc; path = OrganizationInfoViewController.m; sourceTree = SOURCE_ROOT; };
		D970C544269F8FD6003DA544 /* ComposeViewController.h */ = {isa = PBXFileReference; lastKnownFileType = sourcecode.c.h; name = ComposeViewController.h; path = "HealthHelper/View Controllers/ComposeViewController.h"; sourceTree = SOURCE_ROOT; };
		D970C545269F8FD6003DA544 /* ComposeViewController.m */ = {isa = PBXFileReference; lastKnownFileType = sourcecode.c.objc; name = ComposeViewController.m; path = "HealthHelper/View Controllers/ComposeViewController.m"; sourceTree = SOURCE_ROOT; };
		D970C547269FA9C2003DA544 /* Organization.m */ = {isa = PBXFileReference; lastKnownFileType = sourcecode.c.objc; path = Organization.m; sourceTree = "<group>"; };
		D970C549269FA9D0003DA544 /* Organization.h */ = {isa = PBXFileReference; lastKnownFileType = sourcecode.c.h; path = Organization.h; sourceTree = "<group>"; };
		D970C54A269FAB1F003DA544 /* Opportunity.m */ = {isa = PBXFileReference; lastKnownFileType = sourcecode.c.objc; path = Opportunity.m; sourceTree = "<group>"; };
		D970C54C269FAB2C003DA544 /* Opportunity.h */ = {isa = PBXFileReference; lastKnownFileType = sourcecode.c.h; path = Opportunity.h; sourceTree = "<group>"; };
		D970C54D269FAC88003DA544 /* Review.m */ = {isa = PBXFileReference; lastKnownFileType = sourcecode.c.objc; path = Review.m; sourceTree = "<group>"; };
		D970C54F269FAC92003DA544 /* Review.h */ = {isa = PBXFileReference; lastKnownFileType = sourcecode.c.h; path = Review.h; sourceTree = "<group>"; };
		D9B1F8B326A8764800CADBDA /* QueryConstants.h */ = {isa = PBXFileReference; lastKnownFileType = sourcecode.c.h; path = QueryConstants.h; sourceTree = "<group>"; };
		D9B1F8B426A8765E00CADBDA /* QueryConstants.m */ = {isa = PBXFileReference; lastKnownFileType = sourcecode.c.objc; path = QueryConstants.m; sourceTree = "<group>"; };
		D9B1F8B626A8858B00CADBDA /* FilterConstants.h */ = {isa = PBXFileReference; lastKnownFileType = sourcecode.c.h; path = FilterConstants.h; sourceTree = "<group>"; };
		D9B1F8B726A8859C00CADBDA /* FilterConstants.m */ = {isa = PBXFileReference; lastKnownFileType = sourcecode.c.objc; path = FilterConstants.m; sourceTree = "<group>"; };
		D9B1F8B926A8B8E700CADBDA /* FilterSettingsViewController.h */ = {isa = PBXFileReference; lastKnownFileType = sourcecode.c.h; path = FilterSettingsViewController.h; sourceTree = "<group>"; };
		D9B1F8BA26A8B8E700CADBDA /* FilterSettingsViewController.m */ = {isa = PBXFileReference; lastKnownFileType = sourcecode.c.objc; path = FilterSettingsViewController.m; sourceTree = "<group>"; };
		D9B1F8BC26AB775B00CADBDA /* ProfilePictureViewController.h */ = {isa = PBXFileReference; lastKnownFileType = sourcecode.c.h; path = ProfilePictureViewController.h; sourceTree = "<group>"; };
		D9B1F8BD26AB775B00CADBDA /* ProfilePictureViewController.m */ = {isa = PBXFileReference; lastKnownFileType = sourcecode.c.objc; path = ProfilePictureViewController.m; sourceTree = "<group>"; };
		D9B1F8C526AF530600CADBDA /* GMYConfettiView.h */ = {isa = PBXFileReference; lastKnownFileType = sourcecode.c.h; path = GMYConfettiView.h; sourceTree = "<group>"; };
		D9B1F8C626AF531E00CADBDA /* GMYConfettiView.m */ = {isa = PBXFileReference; lastKnownFileType = sourcecode.c.objc; path = GMYConfettiView.m; sourceTree = "<group>"; };
		D9B1F8C826AF59C200CADBDA /* Resources.bundle */ = {isa = PBXFileReference; lastKnownFileType = "wrapper.plug-in"; path = Resources.bundle; sourceTree = "<group>"; };
		D9ED852A26A1F68B00011F02 /* ReviewCell.h */ = {isa = PBXFileReference; lastKnownFileType = sourcecode.c.h; name = ReviewCell.h; path = HealthHelper/Views/ReviewCell.h; sourceTree = SOURCE_ROOT; };
		D9ED852B26A1F68B00011F02 /* ReviewCell.m */ = {isa = PBXFileReference; lastKnownFileType = sourcecode.c.objc; name = ReviewCell.m; path = HealthHelper/Views/ReviewCell.m; sourceTree = SOURCE_ROOT; };
		F26215CFD9D2FAA8C48F6F15 /* Pods-HealthHelperTests.release.xcconfig */ = {isa = PBXFileReference; includeInIndex = 1; lastKnownFileType = text.xcconfig; name = "Pods-HealthHelperTests.release.xcconfig"; path = "Target Support Files/Pods-HealthHelperTests/Pods-HealthHelperTests.release.xcconfig"; sourceTree = "<group>"; };
/* End PBXFileReference section */

/* Begin PBXFrameworksBuildPhase section */
		D919843D269CAF19009ADD0D /* Frameworks */ = {
			isa = PBXFrameworksBuildPhase;
			buildActionMask = 2147483647;
			files = (
				D970C53B269E597B003DA544 /* CoreLocation.framework in Frameworks */,
				499F864764F28DD807151F99 /* Pods_HealthHelper.framework in Frameworks */,
			);
			runOnlyForDeploymentPostprocessing = 0;
		};
		D9198458269CAF1A009ADD0D /* Frameworks */ = {
			isa = PBXFrameworksBuildPhase;
			buildActionMask = 2147483647;
			files = (
				126237028BECCD0B252D187F /* Pods_HealthHelperTests.framework in Frameworks */,
			);
			runOnlyForDeploymentPostprocessing = 0;
		};
		D9198463269CAF1A009ADD0D /* Frameworks */ = {
			isa = PBXFrameworksBuildPhase;
			buildActionMask = 2147483647;
			files = (
				8E3535F9A9E0E72943C87CB5 /* Pods_HealthHelper_HealthHelperUITests.framework in Frameworks */,
			);
			runOnlyForDeploymentPostprocessing = 0;
		};
/* End PBXFrameworksBuildPhase section */

/* Begin PBXGroup section */
		0FDD8705CC3F0CD4FF0BC1EF /* Pods */ = {
			isa = PBXGroup;
			children = (
				C6D0C49354B4AA0BC84C56B7 /* Pods-HealthHelper.debug.xcconfig */,
				2ECB2F064E2FE39283750C71 /* Pods-HealthHelper.release.xcconfig */,
				0EF6448BD361405906DF3266 /* Pods-HealthHelper-HealthHelperUITests.debug.xcconfig */,
				0FB0EC0D1A6697B066AAECAF /* Pods-HealthHelper-HealthHelperUITests.release.xcconfig */,
				4510B623D4B42E215B05DCDC /* Pods-HealthHelperTests.debug.xcconfig */,
				F26215CFD9D2FAA8C48F6F15 /* Pods-HealthHelperTests.release.xcconfig */,
			);
			path = Pods;
			sourceTree = "<group>";
		};
		A97FF74E64B01D01C6F46C35 /* Frameworks */ = {
			isa = PBXGroup;
			children = (
				D970C53A269E597B003DA544 /* CoreLocation.framework */,
				D8388C4D926E441E3913E61E /* Pods_HealthHelper.framework */,
				CC2943CDD4E2E2565CC732D3 /* Pods_HealthHelper_HealthHelperUITests.framework */,
				5214698713E43AC6A69292C9 /* Pods_HealthHelperTests.framework */,
			);
			name = Frameworks;
			sourceTree = "<group>";
		};
		D9198437269CAF19009ADD0D = {
			isa = PBXGroup;
			children = (
				D9198442269CAF19009ADD0D /* HealthHelper */,
				D919845E269CAF1A009ADD0D /* HealthHelperTests */,
				D9198469269CAF1A009ADD0D /* HealthHelperUITests */,
				D9198441269CAF19009ADD0D /* Products */,
				0FDD8705CC3F0CD4FF0BC1EF /* Pods */,
				A97FF74E64B01D01C6F46C35 /* Frameworks */,
			);
			sourceTree = "<group>";
		};
		D9198441269CAF19009ADD0D /* Products */ = {
			isa = PBXGroup;
			children = (
				D9198440269CAF19009ADD0D /* HealthHelper.app */,
				D919845B269CAF1A009ADD0D /* HealthHelperTests.xctest */,
				D9198466269CAF1A009ADD0D /* HealthHelperUITests.xctest */,
			);
			name = Products;
			sourceTree = "<group>";
		};
		D9198442269CAF19009ADD0D /* HealthHelper */ = {
			isa = PBXGroup;
			children = (
				D970C53C269F44FC003DA544 /* GIFs */,
				D970C4D7269CAFE8003DA544 /* Models */,
				D970C4D8269CAFEE003DA544 /* Views */,
				D970C4D6269CAFE1003DA544 /* View Controllers */,
				D9198443269CAF19009ADD0D /* AppDelegate.h */,
				D9198444269CAF19009ADD0D /* AppDelegate.m */,
				D9198446269CAF19009ADD0D /* SceneDelegate.h */,
				D9198447269CAF19009ADD0D /* SceneDelegate.m */,
				D919844C269CAF19009ADD0D /* Main.storyboard */,
				D919844F269CAF1A009ADD0D /* Assets.xcassets */,
				D9198451269CAF1A009ADD0D /* LaunchScreen.storyboard */,
				D9198454269CAF1A009ADD0D /* Info.plist */,
				D970C4F7269CFD51003DA544 /* Keys.plist */,
				D9198455269CAF1A009ADD0D /* main.m */,
			);
			path = HealthHelper;
			sourceTree = "<group>";
		};
		D919845E269CAF1A009ADD0D /* HealthHelperTests */ = {
			isa = PBXGroup;
			children = (
				D919845F269CAF1A009ADD0D /* HealthHelperTests.m */,
				D9198461269CAF1A009ADD0D /* Info.plist */,
			);
			path = HealthHelperTests;
			sourceTree = "<group>";
		};
		D9198469269CAF1A009ADD0D /* HealthHelperUITests */ = {
			isa = PBXGroup;
			children = (
				D919846A269CAF1A009ADD0D /* HealthHelperUITests.m */,
				D919846C269CAF1A009ADD0D /* Info.plist */,
			);
			path = HealthHelperUITests;
			sourceTree = "<group>";
		};
		D970C4D6269CAFE1003DA544 /* View Controllers */ = {
			isa = PBXGroup;
			children = (
				D9B1F8BC26AB775B00CADBDA /* ProfilePictureViewController.h */,
				D9B1F8BD26AB775B00CADBDA /* ProfilePictureViewController.m */,
				D9B1F8B926A8B8E700CADBDA /* FilterSettingsViewController.h */,
				D9B1F8BA26A8B8E700CADBDA /* FilterSettingsViewController.m */,
				D970C544269F8FD6003DA544 /* ComposeViewController.h */,
				D970C545269F8FD6003DA544 /* ComposeViewController.m */,
				D970C541269F86F7003DA544 /* OrganizationInfoViewController.h */,
				D970C542269F86F7003DA544 /* OrganizationInfoViewController.m */,
				D970C4F4269CF8A4003DA544 /* SettingsViewController.h */,
				D970C4F5269CF8A4003DA544 /* SettingsViewController.m */,
				D970C4F1269CEBC1003DA544 /* DetailsViewController.h */,
				D970C4F2269CEBC1003DA544 /* DetailsViewController.m */,
				D970C4E8269CDD3A003DA544 /* ProfileViewController.h */,
				D970C4E9269CDD3A003DA544 /* ProfileViewController.m */,
				D970C4E5269CDC62003DA544 /* OpportunitiesViewController.h */,
				D970C4E6269CDC62003DA544 /* OpportunitiesViewController.m */,
				D970C4E2269CD93B003DA544 /* SignUpViewController.h */,
				D970C4E3269CD93B003DA544 /* SignUpViewController.m */,
				D970C4DF269CB2AD003DA544 /* LoginViewController.h */,
				D970C4E0269CB2AD003DA544 /* LoginViewController.m */,
			);
			path = "View Controllers";
			sourceTree = "<group>";
		};
		D970C4D7269CAFE8003DA544 /* Models */ = {
			isa = PBXGroup;
			children = (
				D9B1F8B626A8858B00CADBDA /* FilterConstants.h */,
				D9B1F8B726A8859C00CADBDA /* FilterConstants.m */,
				D9B1F8B326A8764800CADBDA /* QueryConstants.h */,
				D9B1F8B426A8765E00CADBDA /* QueryConstants.m */,
				D970C4DC269CB235003DA544 /* User.m */,
				D970C4DE269CB23F003DA544 /* User.h */,
				D970C547269FA9C2003DA544 /* Organization.m */,
				D970C549269FA9D0003DA544 /* Organization.h */,
				D970C54A269FAB1F003DA544 /* Opportunity.m */,
				D970C54C269FAB2C003DA544 /* Opportunity.h */,
				D970C54D269FAC88003DA544 /* Review.m */,
				D970C54F269FAC92003DA544 /* Review.h */,
			);
			path = Models;
			sourceTree = "<group>";
		};
		D970C4D8269CAFEE003DA544 /* Views */ = {
			isa = PBXGroup;
			children = (
				D9B1F8C526AF530600CADBDA /* GMYConfettiView.h */,
				D9B1F8C626AF531E00CADBDA /* GMYConfettiView.m */,
				D9ED852A26A1F68B00011F02 /* ReviewCell.h */,
				D9ED852B26A1F68B00011F02 /* ReviewCell.m */,
				D970C4EE269CE8F7003DA544 /* PastOpportunityCell.h */,
				D970C4EF269CE8F7003DA544 /* PastOpportunityCell.m */,
				D970C4EB269CE26A003DA544 /* OpportunityCell.h */,
				D970C4EC269CE26A003DA544 /* OpportunityCell.m */,
				D9B1F8C826AF59C200CADBDA /* Resources.bundle */,
			);
			path = Views;
			sourceTree = "<group>";
		};
		D970C53C269F44FC003DA544 /* GIFs */ = {
			isa = PBXGroup;
			children = (
				D970C53F269F4760003DA544 /* loading_square.gif */,
			);
			path = GIFs;
			sourceTree = "<group>";
		};
/* End PBXGroup section */

/* Begin PBXNativeTarget section */
		D919843F269CAF19009ADD0D /* HealthHelper */ = {
			isa = PBXNativeTarget;
			buildConfigurationList = D919846F269CAF1B009ADD0D /* Build configuration list for PBXNativeTarget "HealthHelper" */;
			buildPhases = (
				02C129C5D32CA73E2CCA9720 /* [CP] Check Pods Manifest.lock */,
				D919843C269CAF19009ADD0D /* Sources */,
				D919843D269CAF19009ADD0D /* Frameworks */,
				D919843E269CAF19009ADD0D /* Resources */,
				C2207242716FFF41A4467042 /* [CP] Embed Pods Frameworks */,
				3BA987FC437FE322EA787AE8 /* [CP] Copy Pods Resources */,
			);
			buildRules = (
			);
			dependencies = (
			);
			name = HealthHelper;
			productName = HealthHelper;
			productReference = D9198440269CAF19009ADD0D /* HealthHelper.app */;
			productType = "com.apple.product-type.application";
		};
		D919845A269CAF1A009ADD0D /* HealthHelperTests */ = {
			isa = PBXNativeTarget;
			buildConfigurationList = D9198472269CAF1B009ADD0D /* Build configuration list for PBXNativeTarget "HealthHelperTests" */;
			buildPhases = (
				79E7B2A08D89D25FABCB288F /* [CP] Check Pods Manifest.lock */,
				D9198457269CAF1A009ADD0D /* Sources */,
				D9198458269CAF1A009ADD0D /* Frameworks */,
				D9198459269CAF1A009ADD0D /* Resources */,
			);
			buildRules = (
			);
			dependencies = (
				D919845D269CAF1A009ADD0D /* PBXTargetDependency */,
			);
			name = HealthHelperTests;
			productName = HealthHelperTests;
			productReference = D919845B269CAF1A009ADD0D /* HealthHelperTests.xctest */;
			productType = "com.apple.product-type.bundle.unit-test";
		};
		D9198465269CAF1A009ADD0D /* HealthHelperUITests */ = {
			isa = PBXNativeTarget;
			buildConfigurationList = D9198475269CAF1B009ADD0D /* Build configuration list for PBXNativeTarget "HealthHelperUITests" */;
			buildPhases = (
				050E39E65418E3CB70F45965 /* [CP] Check Pods Manifest.lock */,
				D9198462269CAF1A009ADD0D /* Sources */,
				D9198463269CAF1A009ADD0D /* Frameworks */,
				D9198464269CAF1A009ADD0D /* Resources */,
				A728C5DE7449529C610C6D04 /* [CP] Embed Pods Frameworks */,
				E99F97616C5B4E16D86DA5B2 /* [CP] Copy Pods Resources */,
			);
			buildRules = (
			);
			dependencies = (
				D9198468269CAF1A009ADD0D /* PBXTargetDependency */,
			);
			name = HealthHelperUITests;
			productName = HealthHelperUITests;
			productReference = D9198466269CAF1A009ADD0D /* HealthHelperUITests.xctest */;
			productType = "com.apple.product-type.bundle.ui-testing";
		};
/* End PBXNativeTarget section */

/* Begin PBXProject section */
		D9198438269CAF19009ADD0D /* Project object */ = {
			isa = PBXProject;
			attributes = {
				LastUpgradeCheck = 1250;
				TargetAttributes = {
					D919843F269CAF19009ADD0D = {
						CreatedOnToolsVersion = 12.5.1;
					};
					D919845A269CAF1A009ADD0D = {
						CreatedOnToolsVersion = 12.5.1;
						TestTargetID = D919843F269CAF19009ADD0D;
					};
					D9198465269CAF1A009ADD0D = {
						CreatedOnToolsVersion = 12.5.1;
						TestTargetID = D919843F269CAF19009ADD0D;
					};
				};
			};
			buildConfigurationList = D919843B269CAF19009ADD0D /* Build configuration list for PBXProject "HealthHelper" */;
			compatibilityVersion = "Xcode 9.3";
			developmentRegion = en;
			hasScannedForEncodings = 0;
			knownRegions = (
				en,
				Base,
			);
			mainGroup = D9198437269CAF19009ADD0D;
			productRefGroup = D9198441269CAF19009ADD0D /* Products */;
			projectDirPath = "";
			projectRoot = "";
			targets = (
				D919843F269CAF19009ADD0D /* HealthHelper */,
				D919845A269CAF1A009ADD0D /* HealthHelperTests */,
				D9198465269CAF1A009ADD0D /* HealthHelperUITests */,
			);
		};
/* End PBXProject section */

/* Begin PBXResourcesBuildPhase section */
		D919843E269CAF19009ADD0D /* Resources */ = {
			isa = PBXResourcesBuildPhase;
			buildActionMask = 2147483647;
			files = (
				D970C4F8269CFD51003DA544 /* Keys.plist in Resources */,
				D9B1F8C926AF59C200CADBDA /* Resources.bundle in Resources */,
				D970C540269F4760003DA544 /* loading_square.gif in Resources */,
				D9198453269CAF1A009ADD0D /* LaunchScreen.storyboard in Resources */,
				D9198450269CAF1A009ADD0D /* Assets.xcassets in Resources */,
				D919844E269CAF19009ADD0D /* Main.storyboard in Resources */,
			);
			runOnlyForDeploymentPostprocessing = 0;
		};
		D9198459269CAF1A009ADD0D /* Resources */ = {
			isa = PBXResourcesBuildPhase;
			buildActionMask = 2147483647;
			files = (
			);
			runOnlyForDeploymentPostprocessing = 0;
		};
		D9198464269CAF1A009ADD0D /* Resources */ = {
			isa = PBXResourcesBuildPhase;
			buildActionMask = 2147483647;
			files = (
			);
			runOnlyForDeploymentPostprocessing = 0;
		};
/* End PBXResourcesBuildPhase section */

/* Begin PBXShellScriptBuildPhase section */
		02C129C5D32CA73E2CCA9720 /* [CP] Check Pods Manifest.lock */ = {
			isa = PBXShellScriptBuildPhase;
			buildActionMask = 2147483647;
			files = (
			);
			inputFileListPaths = (
			);
			inputPaths = (
				"${PODS_PODFILE_DIR_PATH}/Podfile.lock",
				"${PODS_ROOT}/Manifest.lock",
			);
			name = "[CP] Check Pods Manifest.lock";
			outputFileListPaths = (
			);
			outputPaths = (
				"$(DERIVED_FILE_DIR)/Pods-HealthHelper-checkManifestLockResult.txt",
			);
			runOnlyForDeploymentPostprocessing = 0;
			shellPath = /bin/sh;
			shellScript = "diff \"${PODS_PODFILE_DIR_PATH}/Podfile.lock\" \"${PODS_ROOT}/Manifest.lock\" > /dev/null\nif [ $? != 0 ] ; then\n    # print error to STDERR\n    echo \"error: The sandbox is not in sync with the Podfile.lock. Run 'pod install' or update your CocoaPods installation.\" >&2\n    exit 1\nfi\n# This output is used by Xcode 'outputs' to avoid re-running this script phase.\necho \"SUCCESS\" > \"${SCRIPT_OUTPUT_FILE_0}\"\n";
			showEnvVarsInLog = 0;
		};
		050E39E65418E3CB70F45965 /* [CP] Check Pods Manifest.lock */ = {
			isa = PBXShellScriptBuildPhase;
			buildActionMask = 2147483647;
			files = (
			);
			inputFileListPaths = (
			);
			inputPaths = (
				"${PODS_PODFILE_DIR_PATH}/Podfile.lock",
				"${PODS_ROOT}/Manifest.lock",
			);
			name = "[CP] Check Pods Manifest.lock";
			outputFileListPaths = (
			);
			outputPaths = (
				"$(DERIVED_FILE_DIR)/Pods-HealthHelper-HealthHelperUITests-checkManifestLockResult.txt",
			);
			runOnlyForDeploymentPostprocessing = 0;
			shellPath = /bin/sh;
			shellScript = "diff \"${PODS_PODFILE_DIR_PATH}/Podfile.lock\" \"${PODS_ROOT}/Manifest.lock\" > /dev/null\nif [ $? != 0 ] ; then\n    # print error to STDERR\n    echo \"error: The sandbox is not in sync with the Podfile.lock. Run 'pod install' or update your CocoaPods installation.\" >&2\n    exit 1\nfi\n# This output is used by Xcode 'outputs' to avoid re-running this script phase.\necho \"SUCCESS\" > \"${SCRIPT_OUTPUT_FILE_0}\"\n";
			showEnvVarsInLog = 0;
		};
		3BA987FC437FE322EA787AE8 /* [CP] Copy Pods Resources */ = {
			isa = PBXShellScriptBuildPhase;
			buildActionMask = 2147483647;
			files = (
			);
			inputFileListPaths = (
				"${PODS_ROOT}/Target Support Files/Pods-HealthHelper/Pods-HealthHelper-resources-${CONFIGURATION}-input-files.xcfilelist",
			);
			name = "[CP] Copy Pods Resources";
			outputFileListPaths = (
				"${PODS_ROOT}/Target Support Files/Pods-HealthHelper/Pods-HealthHelper-resources-${CONFIGURATION}-output-files.xcfilelist",
			);
			runOnlyForDeploymentPostprocessing = 0;
			shellPath = /bin/sh;
			shellScript = "\"${PODS_ROOT}/Target Support Files/Pods-HealthHelper/Pods-HealthHelper-resources.sh\"\n";
			showEnvVarsInLog = 0;
		};
		79E7B2A08D89D25FABCB288F /* [CP] Check Pods Manifest.lock */ = {
			isa = PBXShellScriptBuildPhase;
			buildActionMask = 2147483647;
			files = (
			);
			inputFileListPaths = (
			);
			inputPaths = (
				"${PODS_PODFILE_DIR_PATH}/Podfile.lock",
				"${PODS_ROOT}/Manifest.lock",
			);
			name = "[CP] Check Pods Manifest.lock";
			outputFileListPaths = (
			);
			outputPaths = (
				"$(DERIVED_FILE_DIR)/Pods-HealthHelperTests-checkManifestLockResult.txt",
			);
			runOnlyForDeploymentPostprocessing = 0;
			shellPath = /bin/sh;
			shellScript = "diff \"${PODS_PODFILE_DIR_PATH}/Podfile.lock\" \"${PODS_ROOT}/Manifest.lock\" > /dev/null\nif [ $? != 0 ] ; then\n    # print error to STDERR\n    echo \"error: The sandbox is not in sync with the Podfile.lock. Run 'pod install' or update your CocoaPods installation.\" >&2\n    exit 1\nfi\n# This output is used by Xcode 'outputs' to avoid re-running this script phase.\necho \"SUCCESS\" > \"${SCRIPT_OUTPUT_FILE_0}\"\n";
			showEnvVarsInLog = 0;
		};
		A728C5DE7449529C610C6D04 /* [CP] Embed Pods Frameworks */ = {
			isa = PBXShellScriptBuildPhase;
			buildActionMask = 2147483647;
			files = (
			);
			inputFileListPaths = (
				"${PODS_ROOT}/Target Support Files/Pods-HealthHelper-HealthHelperUITests/Pods-HealthHelper-HealthHelperUITests-frameworks-${CONFIGURATION}-input-files.xcfilelist",
			);
			name = "[CP] Embed Pods Frameworks";
			outputFileListPaths = (
				"${PODS_ROOT}/Target Support Files/Pods-HealthHelper-HealthHelperUITests/Pods-HealthHelper-HealthHelperUITests-frameworks-${CONFIGURATION}-output-files.xcfilelist",
			);
			runOnlyForDeploymentPostprocessing = 0;
			shellPath = /bin/sh;
			shellScript = "\"${PODS_ROOT}/Target Support Files/Pods-HealthHelper-HealthHelperUITests/Pods-HealthHelper-HealthHelperUITests-frameworks.sh\"\n";
			showEnvVarsInLog = 0;
		};
		C2207242716FFF41A4467042 /* [CP] Embed Pods Frameworks */ = {
			isa = PBXShellScriptBuildPhase;
			buildActionMask = 2147483647;
			files = (
			);
			inputFileListPaths = (
				"${PODS_ROOT}/Target Support Files/Pods-HealthHelper/Pods-HealthHelper-frameworks-${CONFIGURATION}-input-files.xcfilelist",
			);
			name = "[CP] Embed Pods Frameworks";
			outputFileListPaths = (
				"${PODS_ROOT}/Target Support Files/Pods-HealthHelper/Pods-HealthHelper-frameworks-${CONFIGURATION}-output-files.xcfilelist",
			);
			runOnlyForDeploymentPostprocessing = 0;
			shellPath = /bin/sh;
			shellScript = "\"${PODS_ROOT}/Target Support Files/Pods-HealthHelper/Pods-HealthHelper-frameworks.sh\"\n";
			showEnvVarsInLog = 0;
		};
		E99F97616C5B4E16D86DA5B2 /* [CP] Copy Pods Resources */ = {
			isa = PBXShellScriptBuildPhase;
			buildActionMask = 2147483647;
			files = (
			);
			inputFileListPaths = (
				"${PODS_ROOT}/Target Support Files/Pods-HealthHelper-HealthHelperUITests/Pods-HealthHelper-HealthHelperUITests-resources-${CONFIGURATION}-input-files.xcfilelist",
			);
			name = "[CP] Copy Pods Resources";
			outputFileListPaths = (
				"${PODS_ROOT}/Target Support Files/Pods-HealthHelper-HealthHelperUITests/Pods-HealthHelper-HealthHelperUITests-resources-${CONFIGURATION}-output-files.xcfilelist",
			);
			runOnlyForDeploymentPostprocessing = 0;
			shellPath = /bin/sh;
			shellScript = "\"${PODS_ROOT}/Target Support Files/Pods-HealthHelper-HealthHelperUITests/Pods-HealthHelper-HealthHelperUITests-resources.sh\"\n";
			showEnvVarsInLog = 0;
		};
/* End PBXShellScriptBuildPhase section */

/* Begin PBXSourcesBuildPhase section */
		D919843C269CAF19009ADD0D /* Sources */ = {
			isa = PBXSourcesBuildPhase;
			buildActionMask = 2147483647;
			files = (
				D970C4ED269CE26A003DA544 /* OpportunityCell.m in Sources */,
				D970C4DD269CB235003DA544 /* User.m in Sources */,
				D970C4F3269CEBC1003DA544 /* DetailsViewController.m in Sources */,
				D970C4F6269CF8A4003DA544 /* SettingsViewController.m in Sources */,
				D9198445269CAF19009ADD0D /* AppDelegate.m in Sources */,
				D9ED852C26A1F68B00011F02 /* ReviewCell.m in Sources */,
				D9B1F8B526A8765E00CADBDA /* QueryConstants.m in Sources */,
				D970C54B269FAB1F003DA544 /* Opportunity.m in Sources */,
				D970C4EA269CDD3A003DA544 /* ProfileViewController.m in Sources */,
				D9B1F8BB26A8B8E700CADBDA /* FilterSettingsViewController.m in Sources */,
				D970C543269F86F7003DA544 /* OrganizationInfoViewController.m in Sources */,
				D970C4E4269CD93B003DA544 /* SignUpViewController.m in Sources */,
				D970C4F0269CE8F7003DA544 /* PastOpportunityCell.m in Sources */,
				D970C548269FA9C2003DA544 /* Organization.m in Sources */,
				D9198456269CAF1A009ADD0D /* main.m in Sources */,
				D970C4E7269CDC62003DA544 /* OpportunitiesViewController.m in Sources */,
				D970C54E269FAC88003DA544 /* Review.m in Sources */,
				D970C546269F8FD6003DA544 /* ComposeViewController.m in Sources */,
				D9198448269CAF19009ADD0D /* SceneDelegate.m in Sources */,
				D970C4E1269CB2AD003DA544 /* LoginViewController.m in Sources */,
				D9B1F8B826A8859C00CADBDA /* FilterConstants.m in Sources */,
				D9B1F8C726AF531E00CADBDA /* GMYConfettiView.m in Sources */,
				D9B1F8BE26AB775B00CADBDA /* ProfilePictureViewController.m in Sources */,
			);
			runOnlyForDeploymentPostprocessing = 0;
		};
		D9198457269CAF1A009ADD0D /* Sources */ = {
			isa = PBXSourcesBuildPhase;
			buildActionMask = 2147483647;
			files = (
				D9198460269CAF1A009ADD0D /* HealthHelperTests.m in Sources */,
			);
			runOnlyForDeploymentPostprocessing = 0;
		};
		D9198462269CAF1A009ADD0D /* Sources */ = {
			isa = PBXSourcesBuildPhase;
			buildActionMask = 2147483647;
			files = (
				D919846B269CAF1A009ADD0D /* HealthHelperUITests.m in Sources */,
			);
			runOnlyForDeploymentPostprocessing = 0;
		};
/* End PBXSourcesBuildPhase section */

/* Begin PBXTargetDependency section */
		D919845D269CAF1A009ADD0D /* PBXTargetDependency */ = {
			isa = PBXTargetDependency;
			target = D919843F269CAF19009ADD0D /* HealthHelper */;
			targetProxy = D919845C269CAF1A009ADD0D /* PBXContainerItemProxy */;
		};
		D9198468269CAF1A009ADD0D /* PBXTargetDependency */ = {
			isa = PBXTargetDependency;
			target = D919843F269CAF19009ADD0D /* HealthHelper */;
			targetProxy = D9198467269CAF1A009ADD0D /* PBXContainerItemProxy */;
		};
/* End PBXTargetDependency section */

/* Begin PBXVariantGroup section */
		D919844C269CAF19009ADD0D /* Main.storyboard */ = {
			isa = PBXVariantGroup;
			children = (
				D919844D269CAF19009ADD0D /* Base */,
			);
			name = Main.storyboard;
			sourceTree = "<group>";
		};
		D9198451269CAF1A009ADD0D /* LaunchScreen.storyboard */ = {
			isa = PBXVariantGroup;
			children = (
				D9198452269CAF1A009ADD0D /* Base */,
			);
			name = LaunchScreen.storyboard;
			sourceTree = "<group>";
		};
/* End PBXVariantGroup section */

/* Begin XCBuildConfiguration section */
		D919846D269CAF1B009ADD0D /* Debug */ = {
			isa = XCBuildConfiguration;
			buildSettings = {
				ALWAYS_SEARCH_USER_PATHS = NO;
				CLANG_ANALYZER_NONNULL = YES;
				CLANG_ANALYZER_NUMBER_OBJECT_CONVERSION = YES_AGGRESSIVE;
				CLANG_CXX_LANGUAGE_STANDARD = "gnu++14";
				CLANG_CXX_LIBRARY = "libc++";
				CLANG_ENABLE_MODULES = YES;
				CLANG_ENABLE_OBJC_ARC = YES;
				CLANG_ENABLE_OBJC_WEAK = YES;
				CLANG_WARN_BLOCK_CAPTURE_AUTORELEASING = YES;
				CLANG_WARN_BOOL_CONVERSION = YES;
				CLANG_WARN_COMMA = YES;
				CLANG_WARN_CONSTANT_CONVERSION = YES;
				CLANG_WARN_DEPRECATED_OBJC_IMPLEMENTATIONS = YES;
				CLANG_WARN_DIRECT_OBJC_ISA_USAGE = YES_ERROR;
				CLANG_WARN_DOCUMENTATION_COMMENTS = YES;
				CLANG_WARN_EMPTY_BODY = YES;
				CLANG_WARN_ENUM_CONVERSION = YES;
				CLANG_WARN_INFINITE_RECURSION = YES;
				CLANG_WARN_INT_CONVERSION = YES;
				CLANG_WARN_NON_LITERAL_NULL_CONVERSION = YES;
				CLANG_WARN_OBJC_IMPLICIT_RETAIN_SELF = YES;
				CLANG_WARN_OBJC_LITERAL_CONVERSION = YES;
				CLANG_WARN_OBJC_ROOT_CLASS = YES_ERROR;
				CLANG_WARN_QUOTED_INCLUDE_IN_FRAMEWORK_HEADER = YES;
				CLANG_WARN_RANGE_LOOP_ANALYSIS = YES;
				CLANG_WARN_STRICT_PROTOTYPES = YES;
				CLANG_WARN_SUSPICIOUS_MOVE = YES;
				CLANG_WARN_UNGUARDED_AVAILABILITY = YES_AGGRESSIVE;
				CLANG_WARN_UNREACHABLE_CODE = YES;
				CLANG_WARN__DUPLICATE_METHOD_MATCH = YES;
				COPY_PHASE_STRIP = NO;
				DEBUG_INFORMATION_FORMAT = dwarf;
				ENABLE_STRICT_OBJC_MSGSEND = YES;
				ENABLE_TESTABILITY = YES;
				GCC_C_LANGUAGE_STANDARD = gnu11;
				GCC_DYNAMIC_NO_PIC = NO;
				GCC_NO_COMMON_BLOCKS = YES;
				GCC_OPTIMIZATION_LEVEL = 0;
				GCC_PREPROCESSOR_DEFINITIONS = (
					"DEBUG=1",
					"$(inherited)",
				);
				GCC_WARN_64_TO_32_BIT_CONVERSION = YES;
				GCC_WARN_ABOUT_RETURN_TYPE = YES_ERROR;
				GCC_WARN_UNDECLARED_SELECTOR = YES;
				GCC_WARN_UNINITIALIZED_AUTOS = YES_AGGRESSIVE;
				GCC_WARN_UNUSED_FUNCTION = YES;
				GCC_WARN_UNUSED_VARIABLE = YES;
				IPHONEOS_DEPLOYMENT_TARGET = 14.5;
				MTL_ENABLE_DEBUG_INFO = INCLUDE_SOURCE;
				MTL_FAST_MATH = YES;
				ONLY_ACTIVE_ARCH = YES;
				SDKROOT = iphoneos;
			};
			name = Debug;
		};
		D919846E269CAF1B009ADD0D /* Release */ = {
			isa = XCBuildConfiguration;
			buildSettings = {
				ALWAYS_SEARCH_USER_PATHS = NO;
				CLANG_ANALYZER_NONNULL = YES;
				CLANG_ANALYZER_NUMBER_OBJECT_CONVERSION = YES_AGGRESSIVE;
				CLANG_CXX_LANGUAGE_STANDARD = "gnu++14";
				CLANG_CXX_LIBRARY = "libc++";
				CLANG_ENABLE_MODULES = YES;
				CLANG_ENABLE_OBJC_ARC = YES;
				CLANG_ENABLE_OBJC_WEAK = YES;
				CLANG_WARN_BLOCK_CAPTURE_AUTORELEASING = YES;
				CLANG_WARN_BOOL_CONVERSION = YES;
				CLANG_WARN_COMMA = YES;
				CLANG_WARN_CONSTANT_CONVERSION = YES;
				CLANG_WARN_DEPRECATED_OBJC_IMPLEMENTATIONS = YES;
				CLANG_WARN_DIRECT_OBJC_ISA_USAGE = YES_ERROR;
				CLANG_WARN_DOCUMENTATION_COMMENTS = YES;
				CLANG_WARN_EMPTY_BODY = YES;
				CLANG_WARN_ENUM_CONVERSION = YES;
				CLANG_WARN_INFINITE_RECURSION = YES;
				CLANG_WARN_INT_CONVERSION = YES;
				CLANG_WARN_NON_LITERAL_NULL_CONVERSION = YES;
				CLANG_WARN_OBJC_IMPLICIT_RETAIN_SELF = YES;
				CLANG_WARN_OBJC_LITERAL_CONVERSION = YES;
				CLANG_WARN_OBJC_ROOT_CLASS = YES_ERROR;
				CLANG_WARN_QUOTED_INCLUDE_IN_FRAMEWORK_HEADER = YES;
				CLANG_WARN_RANGE_LOOP_ANALYSIS = YES;
				CLANG_WARN_STRICT_PROTOTYPES = YES;
				CLANG_WARN_SUSPICIOUS_MOVE = YES;
				CLANG_WARN_UNGUARDED_AVAILABILITY = YES_AGGRESSIVE;
				CLANG_WARN_UNREACHABLE_CODE = YES;
				CLANG_WARN__DUPLICATE_METHOD_MATCH = YES;
				COPY_PHASE_STRIP = NO;
				DEBUG_INFORMATION_FORMAT = "dwarf-with-dsym";
				ENABLE_NS_ASSERTIONS = NO;
				ENABLE_STRICT_OBJC_MSGSEND = YES;
				GCC_C_LANGUAGE_STANDARD = gnu11;
				GCC_NO_COMMON_BLOCKS = YES;
				GCC_WARN_64_TO_32_BIT_CONVERSION = YES;
				GCC_WARN_ABOUT_RETURN_TYPE = YES_ERROR;
				GCC_WARN_UNDECLARED_SELECTOR = YES;
				GCC_WARN_UNINITIALIZED_AUTOS = YES_AGGRESSIVE;
				GCC_WARN_UNUSED_FUNCTION = YES;
				GCC_WARN_UNUSED_VARIABLE = YES;
				IPHONEOS_DEPLOYMENT_TARGET = 14.5;
				MTL_ENABLE_DEBUG_INFO = NO;
				MTL_FAST_MATH = YES;
				SDKROOT = iphoneos;
				VALIDATE_PRODUCT = YES;
			};
			name = Release;
		};
		D9198470269CAF1B009ADD0D /* Debug */ = {
			isa = XCBuildConfiguration;
			baseConfigurationReference = C6D0C49354B4AA0BC84C56B7 /* Pods-HealthHelper.debug.xcconfig */;
			buildSettings = {
				ASSETCATALOG_COMPILER_APPICON_NAME = AppIcon;
				ASSETCATALOG_COMPILER_GLOBAL_ACCENT_COLOR_NAME = AccentColor;
				CODE_SIGN_STYLE = Automatic;
				DEVELOPMENT_TEAM = G48Q633AD8;
				INFOPLIST_FILE = HealthHelper/Info.plist;
				LD_RUNPATH_SEARCH_PATHS = (
					"$(inherited)",
					"@executable_path/Frameworks",
				);
				PRODUCT_BUNDLE_IDENTIFIER = com.sabrinameng.HealthHelper;
				PRODUCT_NAME = "$(TARGET_NAME)";
				TARGETED_DEVICE_FAMILY = "1,2";
			};
			name = Debug;
		};
		D9198471269CAF1B009ADD0D /* Release */ = {
			isa = XCBuildConfiguration;
			baseConfigurationReference = 2ECB2F064E2FE39283750C71 /* Pods-HealthHelper.release.xcconfig */;
			buildSettings = {
				ASSETCATALOG_COMPILER_APPICON_NAME = AppIcon;
				ASSETCATALOG_COMPILER_GLOBAL_ACCENT_COLOR_NAME = AccentColor;
				CODE_SIGN_STYLE = Automatic;
				DEVELOPMENT_TEAM = G48Q633AD8;
				INFOPLIST_FILE = HealthHelper/Info.plist;
				LD_RUNPATH_SEARCH_PATHS = (
					"$(inherited)",
					"@executable_path/Frameworks",
				);
				PRODUCT_BUNDLE_IDENTIFIER = com.sabrinameng.HealthHelper;
				PRODUCT_NAME = "$(TARGET_NAME)";
				TARGETED_DEVICE_FAMILY = "1,2";
			};
			name = Release;
		};
		D9198473269CAF1B009ADD0D /* Debug */ = {
			isa = XCBuildConfiguration;
			baseConfigurationReference = 4510B623D4B42E215B05DCDC /* Pods-HealthHelperTests.debug.xcconfig */;
			buildSettings = {
				BUNDLE_LOADER = "$(TEST_HOST)";
				CODE_SIGN_STYLE = Automatic;
				DEVELOPMENT_TEAM = G48Q633AD8;
				INFOPLIST_FILE = HealthHelperTests/Info.plist;
				IPHONEOS_DEPLOYMENT_TARGET = 14.5;
				LD_RUNPATH_SEARCH_PATHS = (
					"$(inherited)",
					"@executable_path/Frameworks",
					"@loader_path/Frameworks",
				);
				PRODUCT_BUNDLE_IDENTIFIER = com.sabrinameng.HealthHelperTests;
				PRODUCT_NAME = "$(TARGET_NAME)";
				TARGETED_DEVICE_FAMILY = "1,2";
				TEST_HOST = "$(BUILT_PRODUCTS_DIR)/HealthHelper.app/HealthHelper";
			};
			name = Debug;
		};
		D9198474269CAF1B009ADD0D /* Release */ = {
			isa = XCBuildConfiguration;
			baseConfigurationReference = F26215CFD9D2FAA8C48F6F15 /* Pods-HealthHelperTests.release.xcconfig */;
			buildSettings = {
				BUNDLE_LOADER = "$(TEST_HOST)";
				CODE_SIGN_STYLE = Automatic;
				DEVELOPMENT_TEAM = G48Q633AD8;
				INFOPLIST_FILE = HealthHelperTests/Info.plist;
				IPHONEOS_DEPLOYMENT_TARGET = 14.5;
				LD_RUNPATH_SEARCH_PATHS = (
					"$(inherited)",
					"@executable_path/Frameworks",
					"@loader_path/Frameworks",
				);
				PRODUCT_BUNDLE_IDENTIFIER = com.sabrinameng.HealthHelperTests;
				PRODUCT_NAME = "$(TARGET_NAME)";
				TARGETED_DEVICE_FAMILY = "1,2";
				TEST_HOST = "$(BUILT_PRODUCTS_DIR)/HealthHelper.app/HealthHelper";
			};
			name = Release;
		};
		D9198476269CAF1B009ADD0D /* Debug */ = {
			isa = XCBuildConfiguration;
			baseConfigurationReference = 0EF6448BD361405906DF3266 /* Pods-HealthHelper-HealthHelperUITests.debug.xcconfig */;
			buildSettings = {
				CODE_SIGN_STYLE = Automatic;
				DEVELOPMENT_TEAM = G48Q633AD8;
				INFOPLIST_FILE = HealthHelperUITests/Info.plist;
				LD_RUNPATH_SEARCH_PATHS = (
					"$(inherited)",
					"@executable_path/Frameworks",
					"@loader_path/Frameworks",
				);
				PRODUCT_BUNDLE_IDENTIFIER = com.sabrinameng.HealthHelperUITests;
				PRODUCT_NAME = "$(TARGET_NAME)";
				TARGETED_DEVICE_FAMILY = "1,2";
				TEST_TARGET_NAME = HealthHelper;
			};
			name = Debug;
		};
		D9198477269CAF1B009ADD0D /* Release */ = {
			isa = XCBuildConfiguration;
			baseConfigurationReference = 0FB0EC0D1A6697B066AAECAF /* Pods-HealthHelper-HealthHelperUITests.release.xcconfig */;
			buildSettings = {
				CODE_SIGN_STYLE = Automatic;
				DEVELOPMENT_TEAM = G48Q633AD8;
				INFOPLIST_FILE = HealthHelperUITests/Info.plist;
				LD_RUNPATH_SEARCH_PATHS = (
					"$(inherited)",
					"@executable_path/Frameworks",
					"@loader_path/Frameworks",
				);
				PRODUCT_BUNDLE_IDENTIFIER = com.sabrinameng.HealthHelperUITests;
				PRODUCT_NAME = "$(TARGET_NAME)";
				TARGETED_DEVICE_FAMILY = "1,2";
				TEST_TARGET_NAME = HealthHelper;
			};
			name = Release;
		};
/* End XCBuildConfiguration section */

/* Begin XCConfigurationList section */
		D919843B269CAF19009ADD0D /* Build configuration list for PBXProject "HealthHelper" */ = {
			isa = XCConfigurationList;
			buildConfigurations = (
				D919846D269CAF1B009ADD0D /* Debug */,
				D919846E269CAF1B009ADD0D /* Release */,
			);
			defaultConfigurationIsVisible = 0;
			defaultConfigurationName = Release;
		};
		D919846F269CAF1B009ADD0D /* Build configuration list for PBXNativeTarget "HealthHelper" */ = {
			isa = XCConfigurationList;
			buildConfigurations = (
				D9198470269CAF1B009ADD0D /* Debug */,
				D9198471269CAF1B009ADD0D /* Release */,
			);
			defaultConfigurationIsVisible = 0;
			defaultConfigurationName = Release;
		};
		D9198472269CAF1B009ADD0D /* Build configuration list for PBXNativeTarget "HealthHelperTests" */ = {
			isa = XCConfigurationList;
			buildConfigurations = (
				D9198473269CAF1B009ADD0D /* Debug */,
				D9198474269CAF1B009ADD0D /* Release */,
			);
			defaultConfigurationIsVisible = 0;
			defaultConfigurationName = Release;
		};
		D9198475269CAF1B009ADD0D /* Build configuration list for PBXNativeTarget "HealthHelperUITests" */ = {
			isa = XCConfigurationList;
			buildConfigurations = (
				D9198476269CAF1B009ADD0D /* Debug */,
				D9198477269CAF1B009ADD0D /* Release */,
			);
			defaultConfigurationIsVisible = 0;
			defaultConfigurationName = Release;
		};
/* End XCConfigurationList section */
	};
	rootObject = D9198438269CAF19009ADD0D /* Project object */;
}
